
Microsoft Visual Studio Solution File, Format Version 12.00
# Visual Studio 14
VisualStudioVersion = 14.0.25420.1
MinimumVisualStudioVersion = 10.0.40219.1
Project("{2150E333-8FDC-42A3-9474-1A3956D46DE8}") = "src", "src", "{69FAF659-8F87-4CAC-87F5-C2383F595BD4}"
EndProject
Project("{8BB2217D-0F2D-49D1-97BC-3654ED321F3B}") = "AttributeBasedAC.Core", "src\AttributeBasedAC.Core\AttributeBasedAC.Core.xproj", "{049135AE-AC97-4EDC-9E0B-015C2BB98D67}"
EndProject
Project("{8BB2217D-0F2D-49D1-97BC-3654ED321F3B}") = "AttributeBasedAC.Test", "src\AttributeBasedAC.Test\AttributeBasedAC.Test.xproj", "{403B62D8-9A0E-4702-82F8-F61E1A69FF2B}"
EndProject
Project("{8BB2217D-0F2D-49D1-97BC-3654ED321F3B}") = "AttributeBasedAC.WebAPI", "src\AttributeBasedAC.WebAPI\AttributeBasedAC.WebAPI.xproj", "{3D5FE3D9-95F4-491E-8994-649EB328D968}"
EndProject
Project("{8BB2217D-0F2D-49D1-97BC-3654ED321F3B}") = "AttributeBasedAC.WebSPA", "src\AttributeBasedAC.WebSPA\AttributeBasedAC.WebSPA.xproj", "{14399D96-A7D0-4C9C-B134-FF20B6B6EDD5}"
EndProject
Project("{8BB2217D-0F2D-49D1-97BC-3654ED321F3B}") = "DatabaseGenerator", "src\DatabaseGenerator\DatabaseGenerator.xproj", "{A4053409-85FD-4818-A589-5E1EC2D81964}"
EndProject
Global
	GlobalSection(SolutionConfigurationPlatforms) = preSolution
		Debug|Any CPU = Debug|Any CPU
		Release|Any CPU = Release|Any CPU
	EndGlobalSection
	GlobalSection(ProjectConfigurationPlatforms) = postSolution
		{049135AE-AC97-4EDC-9E0B-015C2BB98D67}.Debug|Any CPU.ActiveCfg = Debug|Any CPU
		{049135AE-AC97-4EDC-9E0B-015C2BB98D67}.Debug|Any CPU.Build.0 = Debug|Any CPU
		{049135AE-AC97-4EDC-9E0B-015C2BB98D67}.Release|Any CPU.ActiveCfg = Release|Any CPU
		{049135AE-AC97-4EDC-9E0B-015C2BB98D67}.Release|Any CPU.Build.0 = Release|Any CPU
		{403B62D8-9A0E-4702-82F8-F61E1A69FF2B}.Debug|Any CPU.ActiveCfg = Debug|Any CPU
		{403B62D8-9A0E-4702-82F8-F61E1A69FF2B}.Debug|Any CPU.Build.0 = Debug|Any CPU
		{403B62D8-9A0E-4702-82F8-F61E1A69FF2B}.Release|Any CPU.ActiveCfg = Release|Any CPU
		{403B62D8-9A0E-4702-82F8-F61E1A69FF2B}.Release|Any CPU.Build.0 = Release|Any CPU
		{3D5FE3D9-95F4-491E-8994-649EB328D968}.Debug|Any CPU.ActiveCfg = Debug|Any CPU
		{3D5FE3D9-95F4-491E-8994-649EB328D968}.Debug|Any CPU.Build.0 = Debug|Any CPU
		{3D5FE3D9-95F4-491E-8994-649EB328D968}.Release|Any CPU.ActiveCfg = Release|Any CPU
		{3D5FE3D9-95F4-491E-8994-649EB328D968}.Release|Any CPU.Build.0 = Release|Any CPU
		{14399D96-A7D0-4C9C-B134-FF20B6B6EDD5}.Debug|Any CPU.ActiveCfg = Debug|Any CPU
		{14399D96-A7D0-4C9C-B134-FF20B6B6EDD5}.Debug|Any CPU.Build.0 = Debug|Any CPU
		{14399D96-A7D0-4C9C-B134-FF20B6B6EDD5}.Release|Any CPU.ActiveCfg = Release|Any CPU
		{14399D96-A7D0-4C9C-B134-FF20B6B6EDD5}.Release|Any CPU.Build.0 = Release|Any CPU
		{A4053409-85FD-4818-A589-5E1EC2D81964}.Debug|Any CPU.ActiveCfg = Debug|Any CPU
		{A4053409-85FD-4818-A589-5E1EC2D81964}.Debug|Any CPU.Build.0 = Debug|Any CPU
		{A4053409-85FD-4818-A589-5E1EC2D81964}.Release|Any CPU.ActiveCfg = Release|Any CPU
		{A4053409-85FD-4818-A589-5E1EC2D81964}.Release|Any CPU.Build.0 = Release|Any CPU
	EndGlobalSection
	GlobalSection(SolutionProperties) = preSolution
		HideSolutionNode = FALSE
	EndGlobalSection
	GlobalSection(NestedProjects) = preSolution
		{049135AE-AC97-4EDC-9E0B-015C2BB98D67} = {69FAF659-8F87-4CAC-87F5-C2383F595BD4}
		{403B62D8-9A0E-4702-82F8-F61E1A69FF2B} = {69FAF659-8F87-4CAC-87F5-C2383F595BD4}
		{3D5FE3D9-95F4-491E-8994-649EB328D968} = {69FAF659-8F87-4CAC-87F5-C2383F595BD4}
		{14399D96-A7D0-4C9C-B134-FF20B6B6EDD5} = {69FAF659-8F87-4CAC-87F5-C2383F595BD4}
		{A4053409-85FD-4818-A589-5E1EC2D81964} = {69FAF659-8F87-4CAC-87F5-C2383F595BD4}
	EndGlobalSection
EndGlobal
